lockfile_version: '1'
generated_at: '2026-09-28T13:08:00.129024+00:00'
apm_version: 0.25.0
dependencies:
- repo_url: addyosmani/web-quality-skills
  name: web-quality-skills
  host: github.com
  resolved_commit: afa8da942115f2961fdbfa80807ea0b232ff6c00
  resolved_ref: afa8da942115f2961fdbfa80807ea0b232ff6c00
  version: unknown
  virtual_path: skills/accessibility
  is_virtual: true
  package_type: claude_skill
  deployed_files:
  - .agents/skills/accessibility
  - .agents/skills/accessibility/SKILL.md
  - .agents/skills/accessibility/references/A11Y-PATTERNS.md
  - .agents/skills/accessibility/references/WCAG.md
  deployed_file_hashes:
    .agents/skills/accessibility/SKILL.md: sha256:267fb2a0707d6142f2871f22688203a42ba21291a2aa200fb740936e41362b5d
    .agents/skills/accessibility/references/A11Y-PATTERNS.md: sha256:f10e238dd4dd3c4f51134c2056bc02d3dd4f8fb6ccc9145c2c1ba7aab4d58140
    .agents/skills/accessibility/references/WCAG.md: sha256:16683e025e3833d931c9d880645d98a448827f97e10189b6c8f12c832e7a2361
  content_hash: sha256:48861fac56e62fd43f9c3a173cef9e35a1545637445c6bdb64c18f083af84a44
- repo_url: anthropics/skills
  name: skills
  host: github.com
  resolved_commit: 33375500bcea98d610eb30ce10ac4e59b89c390d
  resolved_ref: 33375500bcea98d610eb30ce10ac4e59b89c390d
  version: unknown
  virtual_path: skills/frontend-design
  is_virtual: true
  package_type: claude_skill
  deployed_files:
  - .agents/skills/frontend-design
  - .agents/skills/frontend-design/LICENSE.txt
  - .agents/skills/frontend-design/SKILL.md
  deployed_file_hashes:
    .agents/skills/frontend-design/LICENSE.txt: sha256:0d542e0c8804e39aa7f37eb00da5a762149dc682d7829451287e11b938e94594
    .agents/skills/frontend-design/SKILL.md: sha256:d91970639e9f5c37682ac7ab60094d35f1c7c1f38d731bd56396563aee10c1d3
  content_hash: sha256:89496d5dd00f4810205f351759594fc2742bf8eea85a2f2b2d1de59f4bd91576
- repo_url: christophbuehler/skill-tester
  name: skill-tester
  host: github.com
  resolved_commit: 0fdd20bed5a45857c652427a445089b045167413
  resolved_ref: 0fdd20bed5a45857c652427a445089b045167413
  version: unknown
  virtual_path: skills/nested-geometry
  is_virtual: true
  package_type: claude_skill
  deployed_files:
  - .agents/skills/nested-geometry
  - .agents/skills/nested-geometry/LICENSE.txt
  - .agents/skills/nested-geometry/SKILL.md
  - .agents/skills/nested-geometry/evals/evals.json
  - .agents/skills/nested-geometry/scripts/geometry.d.mts
  - .agents/skills/nested-geometry/scripts/geometry.mjs
  deployed_file_hashes:
    .agents/skills/nested-geometry/LICENSE.txt: sha256:7c37e6e622a2c6f291428b01e25053f5f09d4ded9830b5a803b213382899bbc3
    .agents/skills/nested-geometry/SKILL.md: sha256:d9eea7be62a146d9541b56958406fb005bddaf72784fe8f8f853dc086cc9b2a2
    .agents/skills/nested-geometry/evals/evals.json: sha256:c6d8e1a016c509a3b52db5e7be8aa1e49181197147234edc2e90368db76a7551
    .agents/skills/nested-geometry/scripts/geometry.d.mts: sha256:24f2a2ab936db1ffbc1947434d4eccd9d596a24fd57c3276a759d54b77acff66
    .agents/skills/nested-geometry/scripts/geometry.mjs: sha256:41f6335a1a8513676e023626e600255cb94e6f0655250cd151590d282226f1a0
  content_hash: sha256:daaf3ec3e7a9dda34c4de08adac5480c42d7fcb44bdd0c9eaf2f6a671ece8aaf
- repo_url: emilkowalski/skills
  name: skills
  host: github.com
  resolved_commit: d16ebe60d09a5ba2afcb7054ede9d0a10c9f6128
  resolved_ref: d16ebe60d09a5ba2afcb7054ede9d0a10c9f6128
  version: unknown
  virtual_path: skills/emil-design-eng
  is_virtual: true
  package_type: claude_skill
  deployed_files:
  - .agents/skills/emil-design-eng
  - .agents/skills/emil-design-eng/SKILL.md
  deployed_file_hashes:
    .agents/skills/emil-design-eng/SKILL.md: sha256:ffbe68e6007fb42cb8149f089b400a1ca007d59ba23e8948e2be4476f3175939
  content_hash: sha256:51f2537e04d15911b41d78e2de24c36a0e26d41beae15e82a954fe5496a5eda9
- repo_url: mengto/skills
  name: skills
  host: github.com
  resolved_commit: 798db0a3ee4429ac8ed6bc5f4a59b6d45e7a914d
  resolved_ref: 798db0a3ee4429ac8ed6bc5f4a59b6d45e7a914d
  version: unknown
  virtual_path: agent-skills/web-design/beautiful-shadows
  is_virtual: true
  package_type: claude_skill
  deployed_files:
  - .agents/skills/beautiful-shadows
  - .agents/skills/beautiful-shadows/SKILL.md
  - .agents/skills/beautiful-shadows/demo/PROMPT.md
  - .agents/skills/beautiful-shadows/demo/assets/source-preview.jpg
  - .agents/skills/beautiful-shadows/demo/index.html
  - .agents/skills/beautiful-shadows/demo/preview.jpg
  - .agents/skills/beautiful-shadows/demo/source.json
  deployed_file_hashes:
    .agents/skills/beautiful-shadows/SKILL.md: sha256:10b6cc0964919118218ffe0845e4a00954f39788d89d4ec29827d100f254e135
    .agents/skills/beautiful-shadows/demo/PROMPT.md: sha256:b466829825dc77354b05c3ec6e21da024ca8494b8e2468dafee470b63490f5c6
    .agents/skills/beautiful-shadows/demo/assets/source-preview.jpg: sha256:cea85a39224a0cac5523629063a71ff13a173ffce2d347f029ea567e994472a6
    .agents/skills/beautiful-shadows/demo/index.html: sha256:21f51f52256cc0c08deb82e954ba0418fa8319ed9a36277902c005842b105b96
    .agents/skills/beautiful-shadows/demo/preview.jpg: sha256:b5ab94f9f1b16aa7b52d7ef9d9168ad696b9eb0ad53a812ff8517a33c3af4903
    .agents/skills/beautiful-shadows/demo/source.json: sha256:05cc0ff186d5c3990033a2f00a08bb1bc19805998984be7a74a0e6be0a100585
  content_hash: sha256:847d03bb9f2abb80f81cce901fdc460b64b1ea56423fddc99948818748b5a513
deployments:
- kind: project-relative
  target: agents
  value: .agents/skills/accessibility
  runtime: null
  scope: project
  owners:
  - addyosmani/web-quality-skills/skills/accessibility
  active_owner: addyosmani/web-quality-skills/skills/accessibility
  content_hash: null
- kind: project-relative
  target: agents
  value: .agents/skills/accessibility/SKILL.md
  runtime: null
  scope: project
  owners:
  - addyosmani/web-quality-skills/skills/accessibility
  active_owner: addyosmani/web-quality-skills/skills/accessibility
  content_hash: sha256:267fb2a0707d6142f2871f22688203a42ba21291a2aa200fb740936e41362b5d
- kind: project-relative
  target: agents
  value: .agents/skills/accessibility/references/A11Y-PATTERNS.md
  runtime: null
  scope: project
  owners:
  - addyosmani/web-quality-skills/skills/accessibility
  active_owner: addyosmani/web-quality-skills/skills/accessibility
  content_hash: sha256:f10e238dd4dd3c4f51134c2056bc02d3dd4f8fb6ccc9145c2c1ba7aab4d58140
- kind: project-relative
  target: agents
  value: .agents/skills/accessibility/references/WCAG.md
  runtime: null
  scope: project
  owners:
  - addyosmani/web-quality-skills/skills/accessibility
  active_owner: addyosmani/web-quality-skills/skills/accessibility
  content_hash: sha256:16683e025e3833d931c9d880645d98a448827f97e10189b6c8f12c832e7a2361
- kind: project-relative
  target: agents
  value: .agents/skills/beautiful-shadows
  runtime: null
  scope: project
  owners:
  - mengto/skills/agent-skills/web-design/beautiful-shadows
  active_owner: mengto/skills/agent-skills/web-design/beautiful-shadows
  content_hash: null
- kind: project-relative
  target: agents
  value: .agents/skills/beautiful-shadows/SKILL.md
  runtime: null
  scope: project
  owners:
  - mengto/skills/agent-skills/web-design/beautiful-shadows
  active_owner: mengto/skills/agent-skills/web-design/beautiful-shadows
  content_hash: sha256:10b6cc0964919118218ffe0845e4a00954f39788d89d4ec29827d100f254e135
- kind: project-relative
  target: agents
  value: .agents/skills/beautiful-shadows/demo/PROMPT.md
  runtime: null
  scope: project
  owners:
  - mengto/skills/agent-skills/web-design/beautiful-shadows
  active_owner: mengto/skills/agent-skills/web-design/beautiful-shadows
  content_hash: sha256:b466829825dc77354b05c3ec6e21da024ca8494b8e2468dafee470b63490f5c6
- kind: project-relative
  target: agents
  value: .agents/skills/beautiful-shadows/demo/assets/source-preview.jpg
  runtime: null
  scope: project
  owners:
  - mengto/skills/agent-skills/web-design/beautiful-shadows
  active_owner: mengto/skills/agent-skills/web-design/beautiful-shadows
  content_hash: sha256:cea85a39224a0cac5523629063a71ff13a173ffce2d347f029ea567e994472a6
- kind: project-relative
  target: agents
  value: .agents/skills/beautiful-shadows/demo/index.html
  runtime: null
  scope: project
  owners:
  - mengto/skills/agent-skills/web-design/beautiful-shadows
  active_owner: mengto/skills/agent-skills/web-design/beautiful-shadows
  content_hash: sha256:21f51f52256cc0c08deb82e954ba0418fa8319ed9a36277902c005842b105b96
- kind: project-relative
  target: agents
  value: .agents/skills/beautiful-shadows/demo/preview.jpg
  runtime: null
  scope: project
  owners:
  - mengto/skills/agent-skills/web-design/beautiful-shadows
  active_owner: mengto/skills/agent-skills/web-design/beautiful-shadows
  content_hash: sha256:b5ab94f9f1b16aa7b52d7ef9d9168ad696b9eb0ad53a812ff8517a33c3af4903
- kind: project-relative
  target: agents
  value: .agents/skills/beautiful-shadows/demo/source.json
  runtime: null
  scope: project
  owners:
  - mengto/skills/agent-skills/web-design/beautiful-shadows
  active_owner: mengto/skills/agent-skills/web-design/beautiful-shadows
  content_hash: sha256:05cc0ff186d5c3990033a2f00a08bb1bc19805998984be7a74a0e6be0a100585
- kind: project-relative
  target: agents
  value: .agents/skills/emil-design-eng
  runtime: null
  scope: project
  owners:
  - emilkowalski/skills/skills/emil-design-eng
  active_owner: emilkowalski/skills/skills/emil-design-eng
  content_hash: null
- kind: project-relative
  target: agents
  value: .agents/skills/emil-design-eng/SKILL.md
  runtime: null
  scope: project
  owners:
  - emilkowalski/skills/skills/emil-design-eng
  active_owner: emilkowalski/skills/skills/emil-design-eng
  content_hash: sha256:ffbe68e6007fb42cb8149f089b400a1ca007d59ba23e8948e2be4476f3175939
- kind: project-relative
  target: agents
  value: .agents/skills/frontend-design
  runtime: null
  scope: project
  owners:
  - anthropics/skills/skills/frontend-design
  active_owner: anthropics/skills/skills/frontend-design
  content_hash: null
- kind: project-relative
  target: agents
  value: .agents/skills/frontend-design/LICENSE.txt
  runtime: null
  scope: project
  owners:
  - anthropics/skills/skills/frontend-design
  active_owner: anthropics/skills/skills/frontend-design
  content_hash: sha256:0d542e0c8804e39aa7f37eb00da5a762149dc682d7829451287e11b938e94594
- kind: project-relative
  target: agents
  value: .agents/skills/frontend-design/SKILL.md
  runtime: null
  scope: project
  owners:
  - anthropics/skills/skills/frontend-design
  active_owner: anthropics/skills/skills/frontend-design
  content_hash: sha256:d91970639e9f5c37682ac7ab60094d35f1c7c1f38d731bd56396563aee10c1d3
- kind: project-relative
  target: agents
  value: .agents/skills/nested-geometry
  runtime: null
  scope: project
  owners:
  - christophbuehler/skill-tester/skills/nested-geometry
  active_owner: christophbuehler/skill-tester/skills/nested-geometry
  content_hash: null
- kind: project-relative
  target: agents
  value: .agents/skills/nested-geometry/LICENSE.txt
  runtime: null
  scope: project
  owners:
  - christophbuehler/skill-tester/skills/nested-geometry
  active_owner: christophbuehler/skill-tester/skills/nested-geometry
  content_hash: sha256:7c37e6e622a2c6f291428b01e25053f5f09d4ded9830b5a803b213382899bbc3
- kind: project-relative
  target: agents
  value: .agents/skills/nested-geometry/SKILL.md
  runtime: null
  scope: project
  owners:
  - christophbuehler/skill-tester/skills/nested-geometry
  active_owner: christophbuehler/skill-tester/skills/nested-geometry
  content_hash: sha256:d9eea7be62a146d9541b56958406fb005bddaf72784fe8f8f853dc086cc9b2a2
- kind: project-relative
  target: agents
  value: .agents/skills/nested-geometry/evals/evals.json
  runtime: null
  scope: project
  owners:
  - christophbuehler/skill-tester/skills/nested-geometry
  active_owner: christophbuehler/skill-tester/skills/nested-geometry
  content_hash: sha256:c6d8e1a016c509a3b52db5e7be8aa1e49181197147234edc2e90368db76a7551
- kind: project-relative
  target: agents
  value: .agents/skills/nested-geometry/scripts/geometry.d.mts
  runtime: null
  scope: project
  owners:
  - christophbuehler/skill-tester/skills/nested-geometry
  active_owner: christophbuehler/skill-tester/skills/nested-geometry
  content_hash: sha256:24f2a2ab936db1ffbc1947434d4eccd9d596a24fd57c3276a759d54b77acff66
- kind: project-relative
  target: agents
  value: .agents/skills/nested-geometry/scripts/geometry.mjs
  runtime: null
  scope: project
  owners:
  - christophbuehler/skill-tester/skills/nested-geometry
  active_owner: christophbuehler/skill-tester/skills/nested-geometry
  content_hash: sha256:41f6335a1a8513676e023626e600255cb94e6f0655250cd151590d282226f1a0
